
Microsoft Visual Studio Solution File, Format Version 12.00
# Visual Studio 2013
VisualStudioVersion = 12.0.30723.0
MinimumVisualStudioVersion = 10.0.40219.1
Project("{FAE04EC0-301F-11D3-BF4B-00C04F79EFBC}") = "BDDoc", "BDDoc\BDDoc.csproj", "{13DD4B7F-3642-4BF4-84D8-970DB67B6879}"
EndProject
Project("{FAE04EC0-301F-11D3-BF4B-00C04F79EFBC}") = "BDDoc.Samples.Nunit.UnitTest", "Samples\BDDoc.Samples.Nunit.UnitTest\BDDoc.Samples.Nunit.UnitTest.csproj", "{694F8D7A-EC99-4E4C-A9C0-B38EA81C1897}"
EndProject
Project("{FAE04EC0-301F-11D3-BF4B-00C04F79EFBC}") = "BDDoc.Samples.MSTest.UnitTest", "Samples\BDDoc.Samples.MSTest.UnitTest\BDDoc.Samples.MSTest.UnitTest.csproj", "{9063F1B6-A12F-4F5C-BB15-B35DAAED25AB}"
EndProject
Project("{2150E333-8FDC-42A3-9474-1A3956D46DE8}") = "msbuild", "msbuild", "{42A32C92-4FAA-4C76-BE9A-2BFF46ACA0B6}"
	ProjectSection(SolutionItems) = preProject
		msbuild\bddoc-samples.targets = msbuild\bddoc-samples.targets
		msbuild\bddoc-shared.targets = msbuild\bddoc-shared.targets
		build-samples.cmd = build-samples.cmd
	EndProjectSection
EndProject
Project("{2150E333-8FDC-42A3-9474-1A3956D46DE8}") = ".nuget", ".nuget", "{5CFA0445-FAB7-4799-B894-02681C70A54A}"
	ProjectSection(SolutionItems) = preProject
		.nuget\packages.config = .nuget\packages.config
	EndProjectSection
EndProject
Global
	GlobalSection(SolutionConfigurationPlatforms) = preSolution
		Debug|Any CPU = Debug|Any CPU
		Release|Any CPU = Release|Any CPU
	EndGlobalSection
	GlobalSection(ProjectConfigurationPlatforms) = postSolution
		{13DD4B7F-3642-4BF4-84D8-970DB67B6879}.Debug|Any CPU.ActiveCfg = Debug|Any CPU
		{13DD4B7F-3642-4BF4-84D8-970DB67B6879}.Debug|Any CPU.Build.0 = Debug|Any CPU
		{13DD4B7F-3642-4BF4-84D8-970DB67B6879}.Release|Any CPU.ActiveCfg = Release|Any CPU
		{13DD4B7F-3642-4BF4-84D8-970DB67B6879}.Release|Any CPU.Build.0 = Release|Any CPU
		{694F8D7A-EC99-4E4C-A9C0-B38EA81C1897}.Debug|Any CPU.ActiveCfg = Debug|Any CPU
		{694F8D7A-EC99-4E4C-A9C0-B38EA81C1897}.Debug|Any CPU.Build.0 = Debug|Any CPU
		{694F8D7A-EC99-4E4C-A9C0-B38EA81C1897}.Release|Any CPU.ActiveCfg = Release|Any CPU
		{694F8D7A-EC99-4E4C-A9C0-B38EA81C1897}.Release|Any CPU.Build.0 = Release|Any CPU
		{9063F1B6-A12F-4F5C-BB15-B35DAAED25AB}.Debug|Any CPU.ActiveCfg = Debug|Any CPU
		{9063F1B6-A12F-4F5C-BB15-B35DAAED25AB}.Debug|Any CPU.Build.0 = Debug|Any CPU
		{9063F1B6-A12F-4F5C-BB15-B35DAAED25AB}.Release|Any CPU.ActiveCfg = Release|Any CPU
		{9063F1B6-A12F-4F5C-BB15-B35DAAED25AB}.Release|Any CPU.Build.0 = Release|Any CPU
	EndGlobalSection
	GlobalSection(SolutionProperties) = preSolution
		HideSolutionNode = FALSE
	EndGlobalSection
EndGlobal
